dependencies:
- name: postgresql
  repository: https://charts.bitnami.com/bitnami
  version: 16.3.4
- name: redis
  repository: https://charts.bitnami.com/bitnami
  version: 20.6.1
digest: sha256:10bf9ad83eb199cad03326473e6d60232c6780ee1d61e707679e2c7f2105fcf6
generated: "2024-12-29T14:18:39.008061+01:00"
