dependencies:
- name: postgresql
  repository: https://charts.bitnami.com/bitnami
  version: 16.4.9
- name: redis
  repository: https://charts.bitnami.com/bitnami
  version: 20.7.0
digest: sha256:c4489c89b83c56c0832aee58c3390c73dab3e61191ba3def43ed4b767518e2c6
generated: "2025-02-15T20:32:19.925123+01:00"
